# This file is automatically @generated by Poetry 1.7.1 and should not be changed by hand.

[[package]]
name = "safelog"
version = "1.8.3"
description = "Safelog is a multithread, multiprocess, multiinstance logging package."
optional = false
python-versions = ">=3.5"
files = [
    {file = "safelog-1.8.3-py3-none-any.whl", hash = "sha256:2526211e8c6c888047c6de519a7058c40255dd1a8fd46d196bea589df613005a"},
    {file = "safelog-1.8.3.tar.gz", hash = "sha256:a3d2e725c8311d08afdbeeaba8c3eeeff1c598dc8687659fd382f06790e9d3a0"},
]

[package.dependencies]
solidlibs = "*"

[[package]]
name = "solidlibs"
version = "2.6.9"
description = "Open source python and django enhancements"
optional = false
python-versions = ">=3.9"
files = [
    {file = "solidlibs-2.6.9-py3-none-any.whl", hash = "sha256:1adaefbc63321921fc52a1450ec633a3fc99714908b9e30c8556ad95b006d95f"},
    {file = "solidlibs-2.6.9.tar.gz", hash = "sha256:749fb7792fc4ed3653bce3d7d42dc182132499a7f8ed125b2eb81d64bc44cf41"},
]

[metadata]
lock-version = "2.0"
python-versions = ">3.9"
content-hash = "6d409427c5934d99d041369b87655b4bb7551fcdf4b216c00bde8067f22cd307"
